# This file is automatically @generated by Cargo.
# It is not intended for manual editing.
version = 3

[[package]]
name = "cupcakke-remixer"
version = "0.1.0"
dependencies = [
 "html-builder",
]

[[package]]
name = "either"
version = "1.13.0"
source = "registry+https://github.com/rust-lang/crates.io-index"
checksum = "60b1af1c220855b6ceac025d3f6ecdd2b7c4894bfe9cd9bda4fbb4bc7c0d4cf0"

[[package]]
name = "html-builder"
version = "0.1.0"
source = "git+https://github.com/AlanRandon/html-builder.git#d490d439ae9ee117e4e25bacc4a9cd24f2d6b5fc"
dependencies = [
 "html-escape",
 "itertools",
]

[[package]]
name = "html-escape"
version = "0.2.13"
source = "registry+https://github.com/rust-lang/crates.io-index"
checksum = "6d1ad449764d627e22bfd7cd5e8868264fc9236e07c752972b4080cd351cb476"
dependencies = [
 "utf8-width",
]

[[package]]
name = "itertools"
version = "0.11.0"
source = "registry+https://github.com/rust-lang/crates.io-index"
checksum = "b1c173a5686ce8bfa551b3563d0c2170bf24ca44da99c7ca4bfdab5418c3fe57"
dependencies = [
 "either",
]

[[package]]
name = "utf8-width"
version = "0.1.7"
source = "registry+https://github.com/rust-lang/crates.io-index"
checksum = "86bd8d4e895da8537e5315b8254664e6b769c4ff3db18321b297a1e7004392e3"
